
Microsoft Visual Studio Solution File, Format Version 12.00
# Visual Studio Version 16
VisualStudioVersion = 16.0.30907.101
MinimumVisualStudioVersion = 10.0.40219.1
Project("{9A19103F-16F7-4668-BE54-9A1E7A4F7556}") = "NEA Final Project", "NEA Final Project.csproj", "{42F984FB-F1D3-438E-9C4B-790A38058000}"
EndProject
Global
	GlobalSection(SolutionConfigurationPlatforms) = preSolution
		Debug|Any CPU = Debug|Any CPU
		Release|Any CPU = Release|Any CPU
	EndGlobalSection
	GlobalSection(ProjectConfigurationPlatforms) = postSolution
		{42F984FB-F1D3-438E-9C4B-790A38058000}.Debug|Any CPU.ActiveCfg = Debug|Any CPU
		{42F984FB-F1D3-438E-9C4B-790A38058000}.Debug|Any CPU.Build.0 = Debug|Any CPU
		{42F984FB-F1D3-438E-9C4B-790A38058000}.Release|Any CPU.ActiveCfg = Release|Any CPU
		{42F984FB-F1D3-438E-9C4B-790A38058000}.Release|Any CPU.Build.0 = Release|Any CPU
	EndGlobalSection
	GlobalSection(SolutionProperties) = preSolution
		HideSolutionNode = FALSE
	EndGlobalSection
	GlobalSection(ExtensibilityGlobals) = postSolution
		SolutionGuid = {2247ED31-F4EE-4D75-BD37-82FDB9815628}
	EndGlobalSection
EndGlobal
